
Microsoft Visual Studio Solution File, Format Version 12.00
# Visual Studio Version 16
VisualStudioVersion = 16.0.29806.167
MinimumVisualStudioVersion = 10.0.40219.1
Project("{FAE04EC0-301F-11D3-BF4B-00C04F79EFBC}") = "BookListMVC", "BookListMVC\BookListMVC.csproj", "{2C3CCC1D-11E2-4D16-8160-BC21EA1713C5}"
EndProject
Global
	GlobalSection(SolutionConfigurationPlatforms) = preSolution
		Debug|Any CPU = Debug|Any CPU
		Release|Any CPU = Release|Any CPU
	EndGlobalSection
	GlobalSection(ProjectConfigurationPlatforms) = postSolution
		{2C3CCC1D-11E2-4D16-8160-BC21EA1713C5}.Debug|Any CPU.ActiveCfg = Debug|Any CPU
		{2C3CCC1D-11E2-4D16-8160-BC21EA1713C5}.Debug|Any CPU.Build.0 = Debug|Any CPU
		{2C3CCC1D-11E2-4D16-8160-BC21EA1713C5}.Release|Any CPU.ActiveCfg = Release|Any CPU
		{2C3CCC1D-11E2-4D16-8160-BC21EA1713C5}.Release|Any CPU.Build.0 = Release|Any CPU
	EndGlobalSection
	GlobalSection(SolutionProperties) = preSolution
		HideSolutionNode = FALSE
	EndGlobalSection
	GlobalSection(ExtensibilityGlobals) = postSolution
		SolutionGuid = {1506630C-0DA2-4370-BFBC-977F47A118BF}
	EndGlobalSection
EndGlobal
